
Microsoft Visual Studio Solution File, Format Version 12.00
# Visual Studio 2013
VisualStudioVersion = 12.0.21005.1
MinimumVisualStudioVersion = 10.0.40219.1
Project("{FAE04EC0-301F-11D3-BF4B-00C04F79EFBC}") = "Server", "Server\Server.csproj", "{D55EC9FF-77BF-4C57-811E-C1C5A60E5763}"
EndProject
Project("{FAE04EC0-301F-11D3-BF4B-00C04F79EFBC}") = "Message", "Message\Message.csproj", "{5EC3BDBA-9634-44B2-8B15-B043C499B26B}"
EndProject
Project("{FAE04EC0-301F-11D3-BF4B-00C04F79EFBC}") = "Client", "Client\Client.csproj", "{2794AEF4-2A19-4749-B598-294AA6954FF2}"
EndProject
Global
	GlobalSection(SolutionConfigurationPlatforms) = preSolution
		Debug|Any CPU = Debug|Any CPU
		Release|Any CPU = Release|Any CPU
	EndGlobalSection
	GlobalSection(ProjectConfigurationPlatforms) = postSolution
		{D55EC9FF-77BF-4C57-811E-C1C5A60E5763}.Debug|Any CPU.ActiveCfg = Debug|Any CPU
		{D55EC9FF-77BF-4C57-811E-C1C5A60E5763}.Debug|Any CPU.Build.0 = Debug|Any CPU
		{D55EC9FF-77BF-4C57-811E-C1C5A60E5763}.Release|Any CPU.ActiveCfg = Release|Any CPU
		{D55EC9FF-77BF-4C57-811E-C1C5A60E5763}.Release|Any CPU.Build.0 = Release|Any CPU
		{5EC3BDBA-9634-44B2-8B15-B043C499B26B}.Debug|Any CPU.ActiveCfg = Debug|Any CPU
		{5EC3BDBA-9634-44B2-8B15-B043C499B26B}.Debug|Any CPU.Build.0 = Debug|Any CPU
		{5EC3BDBA-9634-44B2-8B15-B043C499B26B}.Release|Any CPU.ActiveCfg = Release|Any CPU
		{5EC3BDBA-9634-44B2-8B15-B043C499B26B}.Release|Any CPU.Build.0 = Release|Any CPU
		{2794AEF4-2A19-4749-B598-294AA6954FF2}.Debug|Any CPU.ActiveCfg = Debug|Any CPU
		{2794AEF4-2A19-4749-B598-294AA6954FF2}.Debug|Any CPU.Build.0 = Debug|Any CPU
		{2794AEF4-2A19-4749-B598-294AA6954FF2}.Release|Any CPU.ActiveCfg = Release|Any CPU
		{2794AEF4-2A19-4749-B598-294AA6954FF2}.Release|Any CPU.Build.0 = Release|Any CPU
	EndGlobalSection
	GlobalSection(SolutionProperties) = preSolution
		HideSolutionNode = FALSE
	EndGlobalSection
EndGlobal
